<?xml version="1.0" encoding="utf-8"?>
<Project ToolsVersion="17.0" xmlns="http://schemas.microsoft.com/developer/msbuild/2003">
  <ItemGroup>
    <CustomBuild Include="E:\Project\VSProject\JsonCppLib\CMakeFiles\363ef614fa1d2ce69cee77af12580fa1\RUN_TESTS_force.rule">
      <Filter>CMake Rules</Filter>
    </CustomBuild>
  </ItemGroup>
  <ItemGroup>
    <Filter Include="CMake Rules">
      <UniqueIdentifier>{186E6454-824A-3752-897C-A069F6CB27CC}</UniqueIdentifier>
    </Filter>
  </ItemGroup>
</Project>
